
Microsoft Visual Studio Solution File, Format Version 12.00
Project("{FAE04EC0-301F-11D3-BF4B-00C04F79EFBC}") = "CrossAccord.AsmResolver.DotNet", "CrossAccord.AsmResolver.DotNet\CrossAccord.AsmResolver.DotNet.csproj", "{CFBC6121-B691-4D64-87C4-DBE035814FE8}"
EndProject
Global
	GlobalSection(SolutionConfigurationPlatforms) = preSolution
		Debug|Any CPU = Debug|Any CPU
		Release|Any CPU = Release|Any CPU
	EndGlobalSection
	GlobalSection(ProjectConfigurationPlatforms) = postSolution
		{CFBC6121-B691-4D64-87C4-DBE035814FE8}.Debug|Any CPU.ActiveCfg = Debug|Any CPU
		{CFBC6121-B691-4D64-87C4-DBE035814FE8}.Debug|Any CPU.Build.0 = Debug|Any CPU
		{CFBC6121-B691-4D64-87C4-DBE035814FE8}.Release|Any CPU.ActiveCfg = Release|Any CPU
		{CFBC6121-B691-4D64-87C4-DBE035814FE8}.Release|Any CPU.Build.0 = Release|Any CPU
	EndGlobalSection
EndGlobal
